
Microsoft Visual Studio Solution File, Format Version 12.00
# Visual Studio 2012
Project("{FAE04EC0-301F-11D3-BF4B-00C04F79EFBC}") = "01.AppropriateTypeForVariables", "01.AppropriateTypeForVariables\01.AppropriateTypeForVariables.csproj", "{EED12EF9-BF8A-4E20-A579-D5BA632BC3F6}"
EndProject
Project("{FAE04EC0-301F-11D3-BF4B-00C04F79EFBC}") = "02.FloatOrDouble", "02.FloatOrDouble\02.FloatOrDouble.csproj", "{5627FCCE-CD54-47E8-9FFC-BEE5ED53BE4E}"
EndProject
Project("{FAE04EC0-301F-11D3-BF4B-00C04F79EFBC}") = "03.ComparingFloatWithSomePrecision", "03.ComparingFloatWithSomePrecision\03.ComparingFloatWithSomePrecision.csproj", "{748490C2-9DFC-4A4F-8C77-B7263622E5E2}"
EndProject
Project("{FAE04EC0-301F-11D3-BF4B-00C04F79EFBC}") = "04.IntWith254InHexFormat", "04.IntWith254InHexFormat\04.IntWith254InHexFormat.csproj", "{77CF392F-487F-4CA9-BC1F-7ACBD7B41A28}"
EndProject
Project("{FAE04EC0-301F-11D3-BF4B-00C04F79EFBC}") = "05.CharWithValueUnicode72", "05.CharWithValueUnicode72\05.CharWithValueUnicode72.csproj", "{C2981D6E-9D29-43F5-B7B2-BBAB70B23E57}"
EndProject
Project("{FAE04EC0-301F-11D3-BF4B-00C04F79EFBC}") = "06.isFemaleCheck", "06.isFemaleCheck\06.isFemaleCheck.csproj", "{120B0706-3E33-4139-B205-23292FE8AF0A}"
EndProject
Project("{FAE04EC0-301F-11D3-BF4B-00C04F79EFBC}") = "07.StringsToObjectToString", "07.StringsToObjectToString\07.StringsToObjectToString.csproj", "{9ECE7AD6-CFB0-4413-8988-05DA83B18FDB}"
EndProject
Project("{FAE04EC0-301F-11D3-BF4B-00C04F79EFBC}") = "08.EscapeSequences", "08.EscapeSequences\08.EscapeSequences.csproj", "{E05FB28F-753E-4C00-9272-F867E0CFFCC6}"
EndProject
Project("{FAE04EC0-301F-11D3-BF4B-00C04F79EFBC}") = "09.CopyrightTriangle", "09.CopyrightTriangle\09.CopyrightTriangle.csproj", "{2DDE685B-1EEF-45C3-815E-3F99CDDBEC52}"
EndProject
Project("{FAE04EC0-301F-11D3-BF4B-00C04F79EFBC}") = "10.MarketingVariableTypesAndNames", "10.MarketingVariableTypesAndNames\10.MarketingVariableTypesAndNames.csproj", "{A5AA6708-4241-4044-B0BB-FBA07F4B61E3}"
EndProject
Project("{FAE04EC0-301F-11D3-BF4B-00C04F79EFBC}") = "11.IntValuesExchange", "11.IntValuesExchange\11.IntValuesExchange.csproj", "{22B040AA-6752-49DF-BD55-61D9EDDF1F58}"
EndProject
Project("{FAE04EC0-301F-11D3-BF4B-00C04F79EFBC}") = "12.ASCIITable", "12.ASCIITable\12.ASCIITable.csproj", "{97A2A356-AED3-4A8C-980A-71A9090F1F2C}"
EndProject
Project("{FAE04EC0-301F-11D3-BF4B-00C04F79EFBC}") = "13.NullIntAndDouble", "13.NullIntAndDouble\13.NullIntAndDouble.csproj", "{246D5EFD-CFAC-4FA7-8741-6BC7FEFA0AC1}"
EndProject
Project("{FAE04EC0-301F-11D3-BF4B-00C04F79EFBC}") = "14.BankAccount", "14.BankAccount\14.BankAccount.csproj", "{ECA6F39A-97C5-4BC3-89E4-38F5C333C808}"
EndProject
Global
	GlobalSection(SolutionConfigurationPlatforms) = preSolution
		Debug|Any CPU = Debug|Any CPU
		Release|Any CPU = Release|Any CPU
	EndGlobalSection
	GlobalSection(ProjectConfigurationPlatforms) = postSolution
		{EED12EF9-BF8A-4E20-A579-D5BA632BC3F6}.Debug|Any CPU.ActiveCfg = Debug|Any CPU
		{EED12EF9-BF8A-4E20-A579-D5BA632BC3F6}.Debug|Any CPU.Build.0 = Debug|Any CPU
		{EED12EF9-BF8A-4E20-A579-D5BA632BC3F6}.Release|Any CPU.ActiveCfg = Release|Any CPU
		{EED12EF9-BF8A-4E20-A579-D5BA632BC3F6}.Release|Any CPU.Build.0 = Release|Any CPU
		{5627FCCE-CD54-47E8-9FFC-BEE5ED53BE4E}.Debug|Any CPU.ActiveCfg = Debug|Any CPU
		{5627FCCE-CD54-47E8-9FFC-BEE5ED53BE4E}.Debug|Any CPU.Build.0 = Debug|Any CPU
		{5627FCCE-CD54-47E8-9FFC-BEE5ED53BE4E}.Release|Any CPU.ActiveCfg = Release|Any CPU
		{5627FCCE-CD54-47E8-9FFC-BEE5ED53BE4E}.Release|Any CPU.Build.0 = Release|Any CPU
		{748490C2-9DFC-4A4F-8C77-B7263622E5E2}.Debug|Any CPU.ActiveCfg = Debug|Any CPU
		{748490C2-9DFC-4A4F-8C77-B7263622E5E2}.Debug|Any CPU.Build.0 = Debug|Any CPU
		{748490C2-9DFC-4A4F-8C77-B7263622E5E2}.Release|Any CPU.ActiveCfg = Release|Any CPU
		{748490C2-9DFC-4A4F-8C77-B7263622E5E2}.Release|Any CPU.Build.0 = Release|Any CPU
		{77CF392F-487F-4CA9-BC1F-7ACBD7B41A28}.Debug|Any CPU.ActiveCfg = Debug|Any CPU
		{77CF392F-487F-4CA9-BC1F-7ACBD7B41A28}.Debug|Any CPU.Build.0 = Debug|Any CPU
		{77CF392F-487F-4CA9-BC1F-7ACBD7B41A28}.Release|Any CPU.ActiveCfg = Release|Any CPU
		{77CF392F-487F-4CA9-BC1F-7ACBD7B41A28}.Release|Any CPU.Build.0 = Release|Any CPU
		{C2981D6E-9D29-43F5-B7B2-BBAB70B23E57}.Debug|Any CPU.ActiveCfg = Debug|Any CPU
		{C2981D6E-9D29-43F5-B7B2-BBAB70B23E57}.Debug|Any CPU.Build.0 = Debug|Any CPU
		{C2981D6E-9D29-43F5-B7B2-BBAB70B23E57}.Release|Any CPU.ActiveCfg = Release|Any CPU
		{C2981D6E-9D29-43F5-B7B2-BBAB70B23E57}.Release|Any CPU.Build.0 = Release|Any CPU
		{120B0706-3E33-4139-B205-23292FE8AF0A}.Debug|Any CPU.ActiveCfg = Debug|Any CPU
		{120B0706-3E33-4139-B205-23292FE8AF0A}.Debug|Any CPU.Build.0 = Debug|Any CPU
		{120B0706-3E33-4139-B205-23292FE8AF0A}.Release|Any CPU.ActiveCfg = Release|Any CPU
		{120B0706-3E33-4139-B205-23292FE8AF0A}.Release|Any CPU.Build.0 = Release|Any CPU
		{9ECE7AD6-CFB0-4413-8988-05DA83B18FDB}.Debug|Any CPU.ActiveCfg = Debug|Any CPU
		{9ECE7AD6-CFB0-4413-8988-05DA83B18FDB}.Debug|Any CPU.Build.0 = Debug|Any CPU
		{9ECE7AD6-CFB0-4413-8988-05DA83B18FDB}.Release|Any CPU.ActiveCfg = Release|Any CPU
		{9ECE7AD6-CFB0-4413-8988-05DA83B18FDB}.Release|Any CPU.Build.0 = Release|Any CPU
		{E05FB28F-753E-4C00-9272-F867E0CFFCC6}.Debug|Any CPU.ActiveCfg = Debug|Any CPU
		{E05FB28F-753E-4C00-9272-F867E0CFFCC6}.Debug|Any CPU.Build.0 = Debug|Any CPU
		{E05FB28F-753E-4C00-9272-F867E0CFFCC6}.Release|Any CPU.ActiveCfg = Release|Any CPU
		{E05FB28F-753E-4C00-9272-F867E0CFFCC6}.Release|Any CPU.Build.0 = Release|Any CPU
		{2DDE685B-1EEF-45C3-815E-3F99CDDBEC52}.Debug|Any CPU.ActiveCfg = Debug|Any CPU
		{2DDE685B-1EEF-45C3-815E-3F99CDDBEC52}.Debug|Any CPU.Build.0 = Debug|Any CPU
		{2DDE685B-1EEF-45C3-815E-3F99CDDBEC52}.Release|Any CPU.ActiveCfg = Release|Any CPU
		{2DDE685B-1EEF-45C3-815E-3F99CDDBEC52}.Release|Any CPU.Build.0 = Release|Any CPU
		{A5AA6708-4241-4044-B0BB-FBA07F4B61E3}.Debug|Any CPU.ActiveCfg = Debug|Any CPU
		{A5AA6708-4241-4044-B0BB-FBA07F4B61E3}.Debug|Any CPU.Build.0 = Debug|Any CPU
		{A5AA6708-4241-4044-B0BB-FBA07F4B61E3}.Release|Any CPU.ActiveCfg = Release|Any CPU
		{A5AA6708-4241-4044-B0BB-FBA07F4B61E3}.Release|Any CPU.Build.0 = Release|Any CPU
		{22B040AA-6752-49DF-BD55-61D9EDDF1F58}.Debug|Any CPU.ActiveCfg = Debug|Any CPU
		{22B040AA-6752-49DF-BD55-61D9EDDF1F58}.Debug|Any CPU.Build.0 = Debug|Any CPU
		{22B040AA-6752-49DF-BD55-61D9EDDF1F58}.Release|Any CPU.ActiveCfg = Release|Any CPU
		{22B040AA-6752-49DF-BD55-61D9EDDF1F58}.Release|Any CPU.Build.0 = Release|Any CPU
		{97A2A356-AED3-4A8C-980A-71A9090F1F2C}.Debug|Any CPU.ActiveCfg = Debug|Any CPU
		{97A2A356-AED3-4A8C-980A-71A9090F1F2C}.Debug|Any CPU.Build.0 = Debug|Any CPU
		{97A2A356-AED3-4A8C-980A-71A9090F1F2C}.Release|Any CPU.ActiveCfg = Release|Any CPU
		{97A2A356-AED3-4A8C-980A-71A9090F1F2C}.Release|Any CPU.Build.0 = Release|Any CPU
		{246D5EFD-CFAC-4FA7-8741-6BC7FEFA0AC1}.Debug|Any CPU.ActiveCfg = Debug|Any CPU
		{246D5EFD-CFAC-4FA7-8741-6BC7FEFA0AC1}.Debug|Any CPU.Build.0 = Debug|Any CPU
		{246D5EFD-CFAC-4FA7-8741-6BC7FEFA0AC1}.Release|Any CPU.ActiveCfg = Release|Any CPU
		{246D5EFD-CFAC-4FA7-8741-6BC7FEFA0AC1}.Release|Any CPU.Build.0 = Release|Any CPU
		{ECA6F39A-97C5-4BC3-89E4-38F5C333C808}.Debug|Any CPU.ActiveCfg = Debug|Any CPU
		{ECA6F39A-97C5-4BC3-89E4-38F5C333C808}.Debug|Any CPU.Build.0 = Debug|Any CPU
		{ECA6F39A-97C5-4BC3-89E4-38F5C333C808}.Release|Any CPU.ActiveCfg = Release|Any CPU
		{ECA6F39A-97C5-4BC3-89E4-38F5C333C808}.Release|Any CPU.Build.0 = Release|Any CPU
	EndGlobalSection
	GlobalSection(SolutionProperties) = preSolution
		HideSolutionNode = FALSE
	EndGlobalSection
EndGlobal
