
Microsoft Visual Studio Solution File, Format Version 12.00
# Visual Studio 2012
Project("{FAE04EC0-301F-11D3-BF4B-00C04F79EFBC}") = "01.OddOrEvenInt", "01.OddOrEvenInt\01.OddOrEvenInt.csproj", "{876C26BD-5FA1-432D-899F-DABE4EE975D0}"
EndProject
Project("{FAE04EC0-301F-11D3-BF4B-00C04F79EFBC}") = "02.DivideBy7Or5", "02.DivideBy7Or5\02.DivideBy7Or5.csproj", "{A535E1D5-212F-44C7-9CDB-98DCF40D8140}"
EndProject
Project("{FAE04EC0-301F-11D3-BF4B-00C04F79EFBC}") = "03.RectangleArea", "03.RectangleArea\03.RectangleArea.csproj", "{594AF0DF-4216-44B7-A0B3-1E092FEE5BAE}"
EndProject
Project("{FAE04EC0-301F-11D3-BF4B-00C04F79EFBC}") = "04.CheckIfThirdDigitIs7", "04.CheckIfThirdDigitIs7\04.CheckIfThirdDigitIs7.csproj", "{CFC9C289-457E-48EC-AC37-33262417462E}"
EndProject
Project("{FAE04EC0-301F-11D3-BF4B-00C04F79EFBC}") = "05.IsBit3_0Or1", "05.IsBit3_0Or1\05.IsBit3_0Or1.csproj", "{C24C0CB0-A16D-4839-947F-9FA7D71BCC73}"
EndProject
Project("{FAE04EC0-301F-11D3-BF4B-00C04F79EFBC}") = "06.IsAPointInACircle", "06.IsAPointInACircle\06.IsAPointInACircle.csproj", "{1E8D83CB-6938-4FCC-9B7C-B7F3E02CA089}"
EndProject
Project("{FAE04EC0-301F-11D3-BF4B-00C04F79EFBC}") = "07.IsANumberPrime", "07.IsANumberPrime\07.IsANumberPrime.csproj", "{844FE767-7285-4706-9F9F-8E5B7D075FC7}"
EndProject
Project("{FAE04EC0-301F-11D3-BF4B-00C04F79EFBC}") = "08.TrapezoidArea", "08.TrapezoidArea\08.TrapezoidArea.csproj", "{D94171DE-1562-4A54-B817-50BD271FE856}"
EndProject
Project("{FAE04EC0-301F-11D3-BF4B-00C04F79EFBC}") = "09.IsAPointInACircleAndARectangle", "09.IsAPointInACircleAndARectangle\09.IsAPointInACircleAndARectangle.csproj", "{3945D2B1-C0E1-41AE-8D49-DFEF3FFA2EC4}"
EndProject
Project("{FAE04EC0-301F-11D3-BF4B-00C04F79EFBC}") = "10.IsABitInANumber1", "10.IsABitInANumber1\10.IsABitInANumber1.csproj", "{E7636F80-8E8E-44D9-9634-3E753B2E95D4}"
EndProject
Project("{FAE04EC0-301F-11D3-BF4B-00C04F79EFBC}") = "11.ExtractTheValueOfABit", "11.ExtractTheValueOfABit\11.ExtractTheValueOfABit.csproj", "{FC886487-34F0-4F8D-95E8-11168ADB729C}"
EndProject
Project("{FAE04EC0-301F-11D3-BF4B-00C04F79EFBC}") = "12.ModifyABitOfANumber", "12.ModifyABitOfANumber\12.ModifyABitOfANumber.csproj", "{8D01C485-5863-4221-89B9-957CA4867ECF}"
EndProject
Project("{FAE04EC0-301F-11D3-BF4B-00C04F79EFBC}") = "13.Exchange3BitsWithAnother3Bits", "13.Exchange3BitsWithAnother3Bits\13.Exchange3BitsWithAnother3Bits.csproj", "{1FEADECA-F7BE-4557-819E-1D80F13E3FD6}"
EndProject
Project("{FAE04EC0-301F-11D3-BF4B-00C04F79EFBC}") = "14.ExchangeASequenceOfBitsWithASequenceOfBits", "14.ExchangeASequenceOfBitsWithASequenceOfBits\14.ExchangeASequenceOfBitsWithASequenceOfBits.csproj", "{19F78121-2BA2-4255-BA12-5EDF817DBE43}"
EndProject
Global
	GlobalSection(SolutionConfigurationPlatforms) = preSolution
		Debug|Any CPU = Debug|Any CPU
		Release|Any CPU = Release|Any CPU
	EndGlobalSection
	GlobalSection(ProjectConfigurationPlatforms) = postSolution
		{876C26BD-5FA1-432D-899F-DABE4EE975D0}.Debug|Any CPU.ActiveCfg = Debug|Any CPU
		{876C26BD-5FA1-432D-899F-DABE4EE975D0}.Debug|Any CPU.Build.0 = Debug|Any CPU
		{876C26BD-5FA1-432D-899F-DABE4EE975D0}.Release|Any CPU.ActiveCfg = Release|Any CPU
		{876C26BD-5FA1-432D-899F-DABE4EE975D0}.Release|Any CPU.Build.0 = Release|Any CPU
		{A535E1D5-212F-44C7-9CDB-98DCF40D8140}.Debug|Any CPU.ActiveCfg = Debug|Any CPU
		{A535E1D5-212F-44C7-9CDB-98DCF40D8140}.Debug|Any CPU.Build.0 = Debug|Any CPU
		{A535E1D5-212F-44C7-9CDB-98DCF40D8140}.Release|Any CPU.ActiveCfg = Release|Any CPU
		{A535E1D5-212F-44C7-9CDB-98DCF40D8140}.Release|Any CPU.Build.0 = Release|Any CPU
		{594AF0DF-4216-44B7-A0B3-1E092FEE5BAE}.Debug|Any CPU.ActiveCfg = Debug|Any CPU
		{594AF0DF-4216-44B7-A0B3-1E092FEE5BAE}.Debug|Any CPU.Build.0 = Debug|Any CPU
		{594AF0DF-4216-44B7-A0B3-1E092FEE5BAE}.Release|Any CPU.ActiveCfg = Release|Any CPU
		{594AF0DF-4216-44B7-A0B3-1E092FEE5BAE}.Release|Any CPU.Build.0 = Release|Any CPU
		{CFC9C289-457E-48EC-AC37-33262417462E}.Debug|Any CPU.ActiveCfg = Debug|Any CPU
		{CFC9C289-457E-48EC-AC37-33262417462E}.Debug|Any CPU.Build.0 = Debug|Any CPU
		{CFC9C289-457E-48EC-AC37-33262417462E}.Release|Any CPU.ActiveCfg = Release|Any CPU
		{CFC9C289-457E-48EC-AC37-33262417462E}.Release|Any CPU.Build.0 = Release|Any CPU
		{C24C0CB0-A16D-4839-947F-9FA7D71BCC73}.Debug|Any CPU.ActiveCfg = Debug|Any CPU
		{C24C0CB0-A16D-4839-947F-9FA7D71BCC73}.Debug|Any CPU.Build.0 = Debug|Any CPU
		{C24C0CB0-A16D-4839-947F-9FA7D71BCC73}.Release|Any CPU.ActiveCfg = Release|Any CPU
		{C24C0CB0-A16D-4839-947F-9FA7D71BCC73}.Release|Any CPU.Build.0 = Release|Any CPU
		{1E8D83CB-6938-4FCC-9B7C-B7F3E02CA089}.Debug|Any CPU.ActiveCfg = Debug|Any CPU
		{1E8D83CB-6938-4FCC-9B7C-B7F3E02CA089}.Debug|Any CPU.Build.0 = Debug|Any CPU
		{1E8D83CB-6938-4FCC-9B7C-B7F3E02CA089}.Release|Any CPU.ActiveCfg = Release|Any CPU
		{1E8D83CB-6938-4FCC-9B7C-B7F3E02CA089}.Release|Any CPU.Build.0 = Release|Any CPU
		{844FE767-7285-4706-9F9F-8E5B7D075FC7}.Debug|Any CPU.ActiveCfg = Debug|Any CPU
		{844FE767-7285-4706-9F9F-8E5B7D075FC7}.Debug|Any CPU.Build.0 = Debug|Any CPU
		{844FE767-7285-4706-9F9F-8E5B7D075FC7}.Release|Any CPU.ActiveCfg = Release|Any CPU
		{844FE767-7285-4706-9F9F-8E5B7D075FC7}.Release|Any CPU.Build.0 = Release|Any CPU
		{D94171DE-1562-4A54-B817-50BD271FE856}.Debug|Any CPU.ActiveCfg = Debug|Any CPU
		{D94171DE-1562-4A54-B817-50BD271FE856}.Debug|Any CPU.Build.0 = Debug|Any CPU
		{D94171DE-1562-4A54-B817-50BD271FE856}.Release|Any CPU.ActiveCfg = Release|Any CPU
		{D94171DE-1562-4A54-B817-50BD271FE856}.Release|Any CPU.Build.0 = Release|Any CPU
		{3945D2B1-C0E1-41AE-8D49-DFEF3FFA2EC4}.Debug|Any CPU.ActiveCfg = Debug|Any CPU
		{3945D2B1-C0E1-41AE-8D49-DFEF3FFA2EC4}.Debug|Any CPU.Build.0 = Debug|Any CPU
		{3945D2B1-C0E1-41AE-8D49-DFEF3FFA2EC4}.Release|Any CPU.ActiveCfg = Release|Any CPU
		{3945D2B1-C0E1-41AE-8D49-DFEF3FFA2EC4}.Release|Any CPU.Build.0 = Release|Any CPU
		{E7636F80-8E8E-44D9-9634-3E753B2E95D4}.Debug|Any CPU.ActiveCfg = Debug|Any CPU
		{E7636F80-8E8E-44D9-9634-3E753B2E95D4}.Debug|Any CPU.Build.0 = Debug|Any CPU
		{E7636F80-8E8E-44D9-9634-3E753B2E95D4}.Release|Any CPU.ActiveCfg = Release|Any CPU
		{E7636F80-8E8E-44D9-9634-3E753B2E95D4}.Release|Any CPU.Build.0 = Release|Any CPU
		{FC886487-34F0-4F8D-95E8-11168ADB729C}.Debug|Any CPU.ActiveCfg = Debug|Any CPU
		{FC886487-34F0-4F8D-95E8-11168ADB729C}.Debug|Any CPU.Build.0 = Debug|Any CPU
		{FC886487-34F0-4F8D-95E8-11168ADB729C}.Release|Any CPU.ActiveCfg = Release|Any CPU
		{FC886487-34F0-4F8D-95E8-11168ADB729C}.Release|Any CPU.Build.0 = Release|Any CPU
		{8D01C485-5863-4221-89B9-957CA4867ECF}.Debug|Any CPU.ActiveCfg = Debug|Any CPU
		{8D01C485-5863-4221-89B9-957CA4867ECF}.Debug|Any CPU.Build.0 = Debug|Any CPU
		{8D01C485-5863-4221-89B9-957CA4867ECF}.Release|Any CPU.ActiveCfg = Release|Any CPU
		{8D01C485-5863-4221-89B9-957CA4867ECF}.Release|Any CPU.Build.0 = Release|Any CPU
		{1FEADECA-F7BE-4557-819E-1D80F13E3FD6}.Debug|Any CPU.ActiveCfg = Debug|Any CPU
		{1FEADECA-F7BE-4557-819E-1D80F13E3FD6}.Debug|Any CPU.Build.0 = Debug|Any CPU
		{1FEADECA-F7BE-4557-819E-1D80F13E3FD6}.Release|Any CPU.ActiveCfg = Release|Any CPU
		{1FEADECA-F7BE-4557-819E-1D80F13E3FD6}.Release|Any CPU.Build.0 = Release|Any CPU
		{19F78121-2BA2-4255-BA12-5EDF817DBE43}.Debug|Any CPU.ActiveCfg = Debug|Any CPU
		{19F78121-2BA2-4255-BA12-5EDF817DBE43}.Debug|Any CPU.Build.0 = Debug|Any CPU
		{19F78121-2BA2-4255-BA12-5EDF817DBE43}.Release|Any CPU.ActiveCfg = Release|Any CPU
		{19F78121-2BA2-4255-BA12-5EDF817DBE43}.Release|Any CPU.Build.0 = Release|Any CPU
	EndGlobalSection
	GlobalSection(SolutionProperties) = preSolution
		HideSolutionNode = FALSE
	EndGlobalSection
EndGlobal
