
Microsoft Visual Studio Solution File, Format Version 12.00
# Visual Studio 2012
Project("{FAE04EC0-301F-11D3-BF4B-00C04F79EFBC}") = "01.SumOf3Numbers", "SumOf3Numbers\01.SumOf3Numbers.csproj", "{19C7A4C8-736D-4355-AB08-A8D733884C6F}"
EndProject
Project("{FAE04EC0-301F-11D3-BF4B-00C04F79EFBC}") = "02.PerimeterAndAreaOfCircle", "PerimeterAndAreaOfCircle\02.PerimeterAndAreaOfCircle.csproj", "{2CD889EC-3C10-4520-8F93-42D3BFDE01EF}"
EndProject
Project("{FAE04EC0-301F-11D3-BF4B-00C04F79EFBC}") = "03.CompanyAndManagerInfo", "CompanyAndManagerInfo\03.CompanyAndManagerInfo.csproj", "{115AF6CC-E559-4713-BF0F-5E76019147A3}"
EndProject
Project("{FAE04EC0-301F-11D3-BF4B-00C04F79EFBC}") = "04.NoReminderAfterDevisionBy5", "NoReminderAfterDevisionBy5\04.NoReminderAfterDevisionBy5.csproj", "{61A00820-CCEE-4D3E-B53E-AE505A83458C}"
EndProject
Project("{FAE04EC0-301F-11D3-BF4B-00C04F79EFBC}") = "05.GreaterOfTwoNumbers", "GreaterOfTwoNumbers\05.GreaterOfTwoNumbers.csproj", "{7C618136-6A79-4A0A-AE3F-8C10DF16CE48}"
EndProject
Project("{FAE04EC0-301F-11D3-BF4B-00C04F79EFBC}") = "06.QuadraticEquation", "QuadraticEquation\06.QuadraticEquation.csproj", "{AD8E7BDC-9535-435D-837F-0F118A659B7A}"
EndProject
Project("{FAE04EC0-301F-11D3-BF4B-00C04F79EFBC}") = "07.SumOfManyNumbers", "SumOfManyNumbers\07.SumOfManyNumbers.csproj", "{61E9ACE1-8579-4599-93BD-263570B40726}"
EndProject
Project("{FAE04EC0-301F-11D3-BF4B-00C04F79EFBC}") = "08.PrintNNumbersOnTheConsole", "PrintNNumbersOnTheConsole\08.PrintNNumbersOnTheConsole.csproj", "{624CF4FF-9FCE-4761-AEA0-42FE4E20FD8C}"
EndProject
Project("{FAE04EC0-301F-11D3-BF4B-00C04F79EFBC}") = "09.FibonacciFirst100Numbers", "FibonacciFirst100Numbers\09.FibonacciFirst100Numbers.csproj", "{1FF0AF11-7707-4DFF-9DF5-99A340D04F28}"
EndProject
Project("{FAE04EC0-301F-11D3-BF4B-00C04F79EFBC}") = "10.SumOf1OverN", "SumOf1OverN\10.SumOf1OverN.csproj", "{C44D6410-02DB-421B-9D9C-8DA5C1C0D62C}"
EndProject
Project("{FAE04EC0-301F-11D3-BF4B-00C04F79EFBC}") = "11.FallingRocksGame", "FallingRocksGame\11.FallingRocksGame.csproj", "{D68747C7-1EAE-45CE-904A-B93ED8B8A593}"
EndProject
Project("{FAE04EC0-301F-11D3-BF4B-00C04F79EFBC}") = "TEST", "TEST\TEST.csproj", "{6757E389-00AB-4EEA-B332-41F274C8135F}"
EndProject
Global
	GlobalSection(SolutionConfigurationPlatforms) = preSolution
		Debug|Any CPU = Debug|Any CPU
		Release|Any CPU = Release|Any CPU
	EndGlobalSection
	GlobalSection(ProjectConfigurationPlatforms) = postSolution
		{19C7A4C8-736D-4355-AB08-A8D733884C6F}.Debug|Any CPU.ActiveCfg = Debug|Any CPU
		{19C7A4C8-736D-4355-AB08-A8D733884C6F}.Debug|Any CPU.Build.0 = Debug|Any CPU
		{19C7A4C8-736D-4355-AB08-A8D733884C6F}.Release|Any CPU.ActiveCfg = Release|Any CPU
		{19C7A4C8-736D-4355-AB08-A8D733884C6F}.Release|Any CPU.Build.0 = Release|Any CPU
		{2CD889EC-3C10-4520-8F93-42D3BFDE01EF}.Debug|Any CPU.ActiveCfg = Debug|Any CPU
		{2CD889EC-3C10-4520-8F93-42D3BFDE01EF}.Debug|Any CPU.Build.0 = Debug|Any CPU
		{2CD889EC-3C10-4520-8F93-42D3BFDE01EF}.Release|Any CPU.ActiveCfg = Release|Any CPU
		{2CD889EC-3C10-4520-8F93-42D3BFDE01EF}.Release|Any CPU.Build.0 = Release|Any CPU
		{115AF6CC-E559-4713-BF0F-5E76019147A3}.Debug|Any CPU.ActiveCfg = Debug|Any CPU
		{115AF6CC-E559-4713-BF0F-5E76019147A3}.Debug|Any CPU.Build.0 = Debug|Any CPU
		{115AF6CC-E559-4713-BF0F-5E76019147A3}.Release|Any CPU.ActiveCfg = Release|Any CPU
		{115AF6CC-E559-4713-BF0F-5E76019147A3}.Release|Any CPU.Build.0 = Release|Any CPU
		{61A00820-CCEE-4D3E-B53E-AE505A83458C}.Debug|Any CPU.ActiveCfg = Debug|Any CPU
		{61A00820-CCEE-4D3E-B53E-AE505A83458C}.Debug|Any CPU.Build.0 = Debug|Any CPU
		{61A00820-CCEE-4D3E-B53E-AE505A83458C}.Release|Any CPU.ActiveCfg = Release|Any CPU
		{61A00820-CCEE-4D3E-B53E-AE505A83458C}.Release|Any CPU.Build.0 = Release|Any CPU
		{7C618136-6A79-4A0A-AE3F-8C10DF16CE48}.Debug|Any CPU.ActiveCfg = Debug|Any CPU
		{7C618136-6A79-4A0A-AE3F-8C10DF16CE48}.Debug|Any CPU.Build.0 = Debug|Any CPU
		{7C618136-6A79-4A0A-AE3F-8C10DF16CE48}.Release|Any CPU.ActiveCfg = Release|Any CPU
		{7C618136-6A79-4A0A-AE3F-8C10DF16CE48}.Release|Any CPU.Build.0 = Release|Any CPU
		{AD8E7BDC-9535-435D-837F-0F118A659B7A}.Debug|Any CPU.ActiveCfg = Debug|Any CPU
		{AD8E7BDC-9535-435D-837F-0F118A659B7A}.Debug|Any CPU.Build.0 = Debug|Any CPU
		{AD8E7BDC-9535-435D-837F-0F118A659B7A}.Release|Any CPU.ActiveCfg = Release|Any CPU
		{AD8E7BDC-9535-435D-837F-0F118A659B7A}.Release|Any CPU.Build.0 = Release|Any CPU
		{61E9ACE1-8579-4599-93BD-263570B40726}.Debug|Any CPU.ActiveCfg = Debug|Any CPU
		{61E9ACE1-8579-4599-93BD-263570B40726}.Debug|Any CPU.Build.0 = Debug|Any CPU
		{61E9ACE1-8579-4599-93BD-263570B40726}.Release|Any CPU.ActiveCfg = Release|Any CPU
		{61E9ACE1-8579-4599-93BD-263570B40726}.Release|Any CPU.Build.0 = Release|Any CPU
		{624CF4FF-9FCE-4761-AEA0-42FE4E20FD8C}.Debug|Any CPU.ActiveCfg = Debug|Any CPU
		{624CF4FF-9FCE-4761-AEA0-42FE4E20FD8C}.Debug|Any CPU.Build.0 = Debug|Any CPU
		{624CF4FF-9FCE-4761-AEA0-42FE4E20FD8C}.Release|Any CPU.ActiveCfg = Release|Any CPU
		{624CF4FF-9FCE-4761-AEA0-42FE4E20FD8C}.Release|Any CPU.Build.0 = Release|Any CPU
		{1FF0AF11-7707-4DFF-9DF5-99A340D04F28}.Debug|Any CPU.ActiveCfg = Debug|Any CPU
		{1FF0AF11-7707-4DFF-9DF5-99A340D04F28}.Debug|Any CPU.Build.0 = Debug|Any CPU
		{1FF0AF11-7707-4DFF-9DF5-99A340D04F28}.Release|Any CPU.ActiveCfg = Release|Any CPU
		{1FF0AF11-7707-4DFF-9DF5-99A340D04F28}.Release|Any CPU.Build.0 = Release|Any CPU
		{C44D6410-02DB-421B-9D9C-8DA5C1C0D62C}.Debug|Any CPU.ActiveCfg = Debug|Any CPU
		{C44D6410-02DB-421B-9D9C-8DA5C1C0D62C}.Debug|Any CPU.Build.0 = Debug|Any CPU
		{C44D6410-02DB-421B-9D9C-8DA5C1C0D62C}.Release|Any CPU.ActiveCfg = Release|Any CPU
		{C44D6410-02DB-421B-9D9C-8DA5C1C0D62C}.Release|Any CPU.Build.0 = Release|Any CPU
		{D68747C7-1EAE-45CE-904A-B93ED8B8A593}.Debug|Any CPU.ActiveCfg = Debug|Any CPU
		{D68747C7-1EAE-45CE-904A-B93ED8B8A593}.Debug|Any CPU.Build.0 = Debug|Any CPU
		{D68747C7-1EAE-45CE-904A-B93ED8B8A593}.Release|Any CPU.ActiveCfg = Release|Any CPU
		{D68747C7-1EAE-45CE-904A-B93ED8B8A593}.Release|Any CPU.Build.0 = Release|Any CPU
		{6757E389-00AB-4EEA-B332-41F274C8135F}.Debug|Any CPU.ActiveCfg = Debug|Any CPU
		{6757E389-00AB-4EEA-B332-41F274C8135F}.Debug|Any CPU.Build.0 = Debug|Any CPU
		{6757E389-00AB-4EEA-B332-41F274C8135F}.Release|Any CPU.ActiveCfg = Release|Any CPU
		{6757E389-00AB-4EEA-B332-41F274C8135F}.Release|Any CPU.Build.0 = Release|Any CPU
	EndGlobalSection
	GlobalSection(SolutionProperties) = preSolution
		HideSolutionNode = FALSE
	EndGlobalSection
EndGlobal
