
Microsoft Visual Studio Solution File, Format Version 12.00
# Visual Studio 2013
VisualStudioVersion = 12.0.30501.0
MinimumVisualStudioVersion = 10.0.40219.1
Project("{FAE04EC0-301F-11D3-BF4B-00C04F79EFBC}") = "Poker", "Poker\Poker.csproj", "{40EC1A63-F3ED-4A31-A8F5-B371CA73E815}"
EndProject
Project("{FAE04EC0-301F-11D3-BF4B-00C04F79EFBC}") = "PokerTests", "PokerTests\PokerTests.csproj", "{EDCE7B24-FCDF-419C-9A2E-D33D50976D00}"
EndProject
Global
	GlobalSection(SolutionConfigurationPlatforms) = preSolution
		Debug|Any CPU = Debug|Any CPU
		Release|Any CPU = Release|Any CPU
	EndGlobalSection
	GlobalSection(ProjectConfigurationPlatforms) = postSolution
		{40EC1A63-F3ED-4A31-A8F5-B371CA73E815}.Debug|Any CPU.ActiveCfg = Debug|Any CPU
		{40EC1A63-F3ED-4A31-A8F5-B371CA73E815}.Debug|Any CPU.Build.0 = Debug|Any CPU
		{40EC1A63-F3ED-4A31-A8F5-B371CA73E815}.Release|Any CPU.ActiveCfg = Release|Any CPU
		{40EC1A63-F3ED-4A31-A8F5-B371CA73E815}.Release|Any CPU.Build.0 = Release|Any CPU
		{EDCE7B24-FCDF-419C-9A2E-D33D50976D00}.Debug|Any CPU.ActiveCfg = Debug|Any CPU
		{EDCE7B24-FCDF-419C-9A2E-D33D50976D00}.Debug|Any CPU.Build.0 = Debug|Any CPU
		{EDCE7B24-FCDF-419C-9A2E-D33D50976D00}.Release|Any CPU.ActiveCfg = Release|Any CPU
		{EDCE7B24-FCDF-419C-9A2E-D33D50976D00}.Release|Any CPU.Build.0 = Release|Any CPU
	EndGlobalSection
	GlobalSection(SolutionProperties) = preSolution
		HideSolutionNode = FALSE
	EndGlobalSection
EndGlobal
