
Microsoft Visual Studio Solution File, Format Version 12.00
# Visual Studio 2012
Project("{FAE04EC0-301F-11D3-BF4B-00C04F79EFBC}") = "02. HelloCSharp", "2. HelloCSharp\02. HelloCSharp.csproj", "{B39A2251-D8E4-49C8-8DC0-9D27B017D296}"
EndProject
Project("{FAE04EC0-301F-11D3-BF4B-00C04F79EFBC}") = "04. 1, 101, 1001", "4. 1, 101, 1001\04. 1, 101, 1001.csproj", "{809E9875-AB2A-4905-8DDA-2AE6F424F735}"
EndProject
Project("{FAE04EC0-301F-11D3-BF4B-00C04F79EFBC}") = "06. FirstAndLastName", "6. FirstAndLastName\06. FirstAndLastName.csproj", "{57A76F16-CC3D-4EF3-B9B4-65EC1572D36B}"
EndProject
Project("{FAE04EC0-301F-11D3-BF4B-00C04F79EFBC}") = "03. MyName", "3. MyName\03. MyName.csproj", "{4D1626A8-424C-4721-ADAD-7DE9588642A7}"
EndProject
Project("{FAE04EC0-301F-11D3-BF4B-00C04F79EFBC}") = "07. DateAndTime", "7. DateAndTime\07. DateAndTime.csproj", "{F280BA57-FDF3-4824-8FF9-FE154F6AE9CE}"
EndProject
Project("{FAE04EC0-301F-11D3-BF4B-00C04F79EFBC}") = "08. Square12345", "8. Square12345\08. Square12345.csproj", "{B75CA045-0930-460B-BC08-BD8FAF574F90}"
EndProject
Project("{FAE04EC0-301F-11D3-BF4B-00C04F79EFBC}") = "09. AlternatingSignNumbers", "9. AlternatingSignNumbers\09. AlternatingSignNumbers.csproj", "{B491A6EE-33B0-4E54-8163-CE0AD15CB7BD}"
EndProject
Project("{FAE04EC0-301F-11D3-BF4B-00C04F79EFBC}") = "12. AgeIn10Years", "12. AgeIn10Years (v4)\12. AgeIn10Years.csproj", "{4173E784-9E62-4B2E-81DA-716F8F6E5CFA}"
EndProject
Global
	GlobalSection(SolutionConfigurationPlatforms) = preSolution
		Debug|Any CPU = Debug|Any CPU
		Debug|Mixed Platforms = Debug|Mixed Platforms
		Debug|Win32 = Debug|Win32
		Release|Any CPU = Release|Any CPU
		Release|Mixed Platforms = Release|Mixed Platforms
		Release|Win32 = Release|Win32
	EndGlobalSection
	GlobalSection(ProjectConfigurationPlatforms) = postSolution
		{B39A2251-D8E4-49C8-8DC0-9D27B017D296}.Debug|Any CPU.ActiveCfg = Debug|Any CPU
		{B39A2251-D8E4-49C8-8DC0-9D27B017D296}.Debug|Any CPU.Build.0 = Debug|Any CPU
		{B39A2251-D8E4-49C8-8DC0-9D27B017D296}.Debug|Mixed Platforms.ActiveCfg = Debug|Any CPU
		{B39A2251-D8E4-49C8-8DC0-9D27B017D296}.Debug|Mixed Platforms.Build.0 = Debug|Any CPU
		{B39A2251-D8E4-49C8-8DC0-9D27B017D296}.Debug|Win32.ActiveCfg = Debug|Any CPU
		{B39A2251-D8E4-49C8-8DC0-9D27B017D296}.Release|Any CPU.ActiveCfg = Release|Any CPU
		{B39A2251-D8E4-49C8-8DC0-9D27B017D296}.Release|Any CPU.Build.0 = Release|Any CPU
		{B39A2251-D8E4-49C8-8DC0-9D27B017D296}.Release|Mixed Platforms.ActiveCfg = Release|Any CPU
		{B39A2251-D8E4-49C8-8DC0-9D27B017D296}.Release|Mixed Platforms.Build.0 = Release|Any CPU
		{B39A2251-D8E4-49C8-8DC0-9D27B017D296}.Release|Win32.ActiveCfg = Release|Any CPU
		{809E9875-AB2A-4905-8DDA-2AE6F424F735}.Debug|Any CPU.ActiveCfg = Debug|Any CPU
		{809E9875-AB2A-4905-8DDA-2AE6F424F735}.Debug|Any CPU.Build.0 = Debug|Any CPU
		{809E9875-AB2A-4905-8DDA-2AE6F424F735}.Debug|Mixed Platforms.ActiveCfg = Debug|Any CPU
		{809E9875-AB2A-4905-8DDA-2AE6F424F735}.Debug|Mixed Platforms.Build.0 = Debug|Any CPU
		{809E9875-AB2A-4905-8DDA-2AE6F424F735}.Debug|Win32.ActiveCfg = Debug|Any CPU
		{809E9875-AB2A-4905-8DDA-2AE6F424F735}.Release|Any CPU.ActiveCfg = Release|Any CPU
		{809E9875-AB2A-4905-8DDA-2AE6F424F735}.Release|Any CPU.Build.0 = Release|Any CPU
		{809E9875-AB2A-4905-8DDA-2AE6F424F735}.Release|Mixed Platforms.ActiveCfg = Release|Any CPU
		{809E9875-AB2A-4905-8DDA-2AE6F424F735}.Release|Mixed Platforms.Build.0 = Release|Any CPU
		{809E9875-AB2A-4905-8DDA-2AE6F424F735}.Release|Win32.ActiveCfg = Release|Any CPU
		{57A76F16-CC3D-4EF3-B9B4-65EC1572D36B}.Debug|Any CPU.ActiveCfg = Debug|Any CPU
		{57A76F16-CC3D-4EF3-B9B4-65EC1572D36B}.Debug|Any CPU.Build.0 = Debug|Any CPU
		{57A76F16-CC3D-4EF3-B9B4-65EC1572D36B}.Debug|Mixed Platforms.ActiveCfg = Debug|Any CPU
		{57A76F16-CC3D-4EF3-B9B4-65EC1572D36B}.Debug|Mixed Platforms.Build.0 = Debug|Any CPU
		{57A76F16-CC3D-4EF3-B9B4-65EC1572D36B}.Debug|Win32.ActiveCfg = Debug|Any CPU
		{57A76F16-CC3D-4EF3-B9B4-65EC1572D36B}.Release|Any CPU.ActiveCfg = Release|Any CPU
		{57A76F16-CC3D-4EF3-B9B4-65EC1572D36B}.Release|Any CPU.Build.0 = Release|Any CPU
		{57A76F16-CC3D-4EF3-B9B4-65EC1572D36B}.Release|Mixed Platforms.ActiveCfg = Release|Any CPU
		{57A76F16-CC3D-4EF3-B9B4-65EC1572D36B}.Release|Mixed Platforms.Build.0 = Release|Any CPU
		{57A76F16-CC3D-4EF3-B9B4-65EC1572D36B}.Release|Win32.ActiveCfg = Release|Any CPU
		{4D1626A8-424C-4721-ADAD-7DE9588642A7}.Debug|Any CPU.ActiveCfg = Debug|Any CPU
		{4D1626A8-424C-4721-ADAD-7DE9588642A7}.Debug|Any CPU.Build.0 = Debug|Any CPU
		{4D1626A8-424C-4721-ADAD-7DE9588642A7}.Debug|Mixed Platforms.ActiveCfg = Debug|Any CPU
		{4D1626A8-424C-4721-ADAD-7DE9588642A7}.Debug|Mixed Platforms.Build.0 = Debug|Any CPU
		{4D1626A8-424C-4721-ADAD-7DE9588642A7}.Debug|Win32.ActiveCfg = Debug|Any CPU
		{4D1626A8-424C-4721-ADAD-7DE9588642A7}.Release|Any CPU.ActiveCfg = Release|Any CPU
		{4D1626A8-424C-4721-ADAD-7DE9588642A7}.Release|Any CPU.Build.0 = Release|Any CPU
		{4D1626A8-424C-4721-ADAD-7DE9588642A7}.Release|Mixed Platforms.ActiveCfg = Release|Any CPU
		{4D1626A8-424C-4721-ADAD-7DE9588642A7}.Release|Mixed Platforms.Build.0 = Release|Any CPU
		{4D1626A8-424C-4721-ADAD-7DE9588642A7}.Release|Win32.ActiveCfg = Release|Any CPU
		{F280BA57-FDF3-4824-8FF9-FE154F6AE9CE}.Debug|Any CPU.ActiveCfg = Debug|Any CPU
		{F280BA57-FDF3-4824-8FF9-FE154F6AE9CE}.Debug|Any CPU.Build.0 = Debug|Any CPU
		{F280BA57-FDF3-4824-8FF9-FE154F6AE9CE}.Debug|Mixed Platforms.ActiveCfg = Debug|Any CPU
		{F280BA57-FDF3-4824-8FF9-FE154F6AE9CE}.Debug|Mixed Platforms.Build.0 = Debug|Any CPU
		{F280BA57-FDF3-4824-8FF9-FE154F6AE9CE}.Debug|Win32.ActiveCfg = Debug|Any CPU
		{F280BA57-FDF3-4824-8FF9-FE154F6AE9CE}.Release|Any CPU.ActiveCfg = Release|Any CPU
		{F280BA57-FDF3-4824-8FF9-FE154F6AE9CE}.Release|Any CPU.Build.0 = Release|Any CPU
		{F280BA57-FDF3-4824-8FF9-FE154F6AE9CE}.Release|Mixed Platforms.ActiveCfg = Release|Any CPU
		{F280BA57-FDF3-4824-8FF9-FE154F6AE9CE}.Release|Mixed Platforms.Build.0 = Release|Any CPU
		{F280BA57-FDF3-4824-8FF9-FE154F6AE9CE}.Release|Win32.ActiveCfg = Release|Any CPU
		{B75CA045-0930-460B-BC08-BD8FAF574F90}.Debug|Any CPU.ActiveCfg = Debug|Any CPU
		{B75CA045-0930-460B-BC08-BD8FAF574F90}.Debug|Any CPU.Build.0 = Debug|Any CPU
		{B75CA045-0930-460B-BC08-BD8FAF574F90}.Debug|Mixed Platforms.ActiveCfg = Debug|Any CPU
		{B75CA045-0930-460B-BC08-BD8FAF574F90}.Debug|Mixed Platforms.Build.0 = Debug|Any CPU
		{B75CA045-0930-460B-BC08-BD8FAF574F90}.Debug|Win32.ActiveCfg = Debug|Any CPU
		{B75CA045-0930-460B-BC08-BD8FAF574F90}.Release|Any CPU.ActiveCfg = Release|Any CPU
		{B75CA045-0930-460B-BC08-BD8FAF574F90}.Release|Any CPU.Build.0 = Release|Any CPU
		{B75CA045-0930-460B-BC08-BD8FAF574F90}.Release|Mixed Platforms.ActiveCfg = Release|Any CPU
		{B75CA045-0930-460B-BC08-BD8FAF574F90}.Release|Mixed Platforms.Build.0 = Release|Any CPU
		{B75CA045-0930-460B-BC08-BD8FAF574F90}.Release|Win32.ActiveCfg = Release|Any CPU
		{B491A6EE-33B0-4E54-8163-CE0AD15CB7BD}.Debug|Any CPU.ActiveCfg = Debug|Any CPU
		{B491A6EE-33B0-4E54-8163-CE0AD15CB7BD}.Debug|Any CPU.Build.0 = Debug|Any CPU
		{B491A6EE-33B0-4E54-8163-CE0AD15CB7BD}.Debug|Mixed Platforms.ActiveCfg = Debug|Any CPU
		{B491A6EE-33B0-4E54-8163-CE0AD15CB7BD}.Debug|Mixed Platforms.Build.0 = Debug|Any CPU
		{B491A6EE-33B0-4E54-8163-CE0AD15CB7BD}.Debug|Win32.ActiveCfg = Debug|Any CPU
		{B491A6EE-33B0-4E54-8163-CE0AD15CB7BD}.Release|Any CPU.ActiveCfg = Release|Any CPU
		{B491A6EE-33B0-4E54-8163-CE0AD15CB7BD}.Release|Any CPU.Build.0 = Release|Any CPU
		{B491A6EE-33B0-4E54-8163-CE0AD15CB7BD}.Release|Mixed Platforms.ActiveCfg = Release|Any CPU
		{B491A6EE-33B0-4E54-8163-CE0AD15CB7BD}.Release|Mixed Platforms.Build.0 = Release|Any CPU
		{B491A6EE-33B0-4E54-8163-CE0AD15CB7BD}.Release|Win32.ActiveCfg = Release|Any CPU
		{4173E784-9E62-4B2E-81DA-716F8F6E5CFA}.Debug|Any CPU.ActiveCfg = Debug|Any CPU
		{4173E784-9E62-4B2E-81DA-716F8F6E5CFA}.Debug|Any CPU.Build.0 = Debug|Any CPU
		{4173E784-9E62-4B2E-81DA-716F8F6E5CFA}.Debug|Mixed Platforms.ActiveCfg = Debug|Any CPU
		{4173E784-9E62-4B2E-81DA-716F8F6E5CFA}.Debug|Mixed Platforms.Build.0 = Debug|Any CPU
		{4173E784-9E62-4B2E-81DA-716F8F6E5CFA}.Debug|Win32.ActiveCfg = Debug|Any CPU
		{4173E784-9E62-4B2E-81DA-716F8F6E5CFA}.Release|Any CPU.ActiveCfg = Release|Any CPU
		{4173E784-9E62-4B2E-81DA-716F8F6E5CFA}.Release|Any CPU.Build.0 = Release|Any CPU
		{4173E784-9E62-4B2E-81DA-716F8F6E5CFA}.Release|Mixed Platforms.ActiveCfg = Release|Any CPU
		{4173E784-9E62-4B2E-81DA-716F8F6E5CFA}.Release|Mixed Platforms.Build.0 = Release|Any CPU
		{4173E784-9E62-4B2E-81DA-716F8F6E5CFA}.Release|Win32.ActiveCfg = Release|Any CPU
	EndGlobalSection
	GlobalSection(SolutionProperties) = preSolution
		HideSolutionNode = FALSE
	EndGlobalSection
EndGlobal
