
Microsoft Visual Studio Solution File, Format Version 12.00
# Visual Studio 2012
Project("{FAE04EC0-301F-11D3-BF4B-00C04F79EFBC}") = "01.ExchangeValuesIfFirstIsGreater", "ExchangeValuesIfFirstIsGreater\01.ExchangeValuesIfFirstIsGreater.csproj", "{E01F01BF-8EFE-493F-92B4-F45F20BF4DF5}"
EndProject
Project("{FAE04EC0-301F-11D3-BF4B-00C04F79EFBC}") = "02.SignOfProductWithoutMultiplying", "SignOfProductWithoutMultiplying\02.SignOfProductWithoutMultiplying.csproj", "{2671D258-618B-4B53-B14B-A8165F1B92C5}"
EndProject
Project("{FAE04EC0-301F-11D3-BF4B-00C04F79EFBC}") = "03.BiggestOfThreeNumbers", "BiggestOfThreeNumbers\03.BiggestOfThreeNumbers.csproj", "{FC6001BF-FA5C-4134-81C1-581F07328EFC}"
EndProject
Project("{FAE04EC0-301F-11D3-BF4B-00C04F79EFBC}") = "04.SortNumbersInDesendingOrder", "SortNumbersInDesendingOrder\04.SortNumbersInDesendingOrder.csproj", "{DC0C8EAA-A65E-4330-93FF-10767BF95662}"
EndProject
Project("{FAE04EC0-301F-11D3-BF4B-00C04F79EFBC}") = "05.NameOfNumberUsingSwitch", "NameOfNumberUsingSwitch\05.NameOfNumberUsingSwitch.csproj", "{3D033A64-31B3-4E4A-BC77-646DA9428C3E}"
EndProject
Project("{FAE04EC0-301F-11D3-BF4B-00C04F79EFBC}") = "06.QuadraticEquation", "QuadraticEquation\06.QuadraticEquation.csproj", "{B8DFD674-41BE-4100-B8FA-D5E484824B58}"
EndProject
Project("{FAE04EC0-301F-11D3-BF4B-00C04F79EFBC}") = "07.GreatestOfFiveNumbers", "GreatestOfFiveNumbers\07.GreatestOfFiveNumbers.csproj", "{DAB2D2E4-DD48-4509-B780-B78186DD4206}"
EndProject
Project("{FAE04EC0-301F-11D3-BF4B-00C04F79EFBC}") = "08.InputIntDoubleOrStringWithSwitch", "InputIntDoubleOrStringWithSwitch\08.InputIntDoubleOrStringWithSwitch.csproj", "{7B26D3E4-C827-4975-9964-273A9C7064F0}"
EndProject
Project("{FAE04EC0-301F-11D3-BF4B-00C04F79EFBC}") = "09.CheckIfSumOfNumbersIs0", "CheckIfSumOfNumbersIs0\09.CheckIfSumOfNumbersIs0.csproj", "{AA6FAA9D-FB32-41E7-A335-44E79DF38087}"
EndProject
Project("{FAE04EC0-301F-11D3-BF4B-00C04F79EFBC}") = "10.ApplyBonusScoresWithSwitch", "ApplyBonusScoresWithSwitch\10.ApplyBonusScoresWithSwitch.csproj", "{37B5FBFB-36AF-4C03-BEBE-874246EF66B7}"
EndProject
Project("{FAE04EC0-301F-11D3-BF4B-00C04F79EFBC}") = "11.ConvertNumberToItsName", "ConvertNumberToItsName\11.ConvertNumberToItsName.csproj", "{29FF37FF-64F4-485B-B942-8F56BB7CED50}"
EndProject
Global
	GlobalSection(SolutionConfigurationPlatforms) = preSolution
		Debug|Any CPU = Debug|Any CPU
		Release|Any CPU = Release|Any CPU
	EndGlobalSection
	GlobalSection(ProjectConfigurationPlatforms) = postSolution
		{E01F01BF-8EFE-493F-92B4-F45F20BF4DF5}.Debug|Any CPU.ActiveCfg = Debug|Any CPU
		{E01F01BF-8EFE-493F-92B4-F45F20BF4DF5}.Debug|Any CPU.Build.0 = Debug|Any CPU
		{E01F01BF-8EFE-493F-92B4-F45F20BF4DF5}.Release|Any CPU.ActiveCfg = Release|Any CPU
		{E01F01BF-8EFE-493F-92B4-F45F20BF4DF5}.Release|Any CPU.Build.0 = Release|Any CPU
		{2671D258-618B-4B53-B14B-A8165F1B92C5}.Debug|Any CPU.ActiveCfg = Debug|Any CPU
		{2671D258-618B-4B53-B14B-A8165F1B92C5}.Debug|Any CPU.Build.0 = Debug|Any CPU
		{2671D258-618B-4B53-B14B-A8165F1B92C5}.Release|Any CPU.ActiveCfg = Release|Any CPU
		{2671D258-618B-4B53-B14B-A8165F1B92C5}.Release|Any CPU.Build.0 = Release|Any CPU
		{FC6001BF-FA5C-4134-81C1-581F07328EFC}.Debug|Any CPU.ActiveCfg = Debug|Any CPU
		{FC6001BF-FA5C-4134-81C1-581F07328EFC}.Debug|Any CPU.Build.0 = Debug|Any CPU
		{FC6001BF-FA5C-4134-81C1-581F07328EFC}.Release|Any CPU.ActiveCfg = Release|Any CPU
		{FC6001BF-FA5C-4134-81C1-581F07328EFC}.Release|Any CPU.Build.0 = Release|Any CPU
		{DC0C8EAA-A65E-4330-93FF-10767BF95662}.Debug|Any CPU.ActiveCfg = Debug|Any CPU
		{DC0C8EAA-A65E-4330-93FF-10767BF95662}.Debug|Any CPU.Build.0 = Debug|Any CPU
		{DC0C8EAA-A65E-4330-93FF-10767BF95662}.Release|Any CPU.ActiveCfg = Release|Any CPU
		{DC0C8EAA-A65E-4330-93FF-10767BF95662}.Release|Any CPU.Build.0 = Release|Any CPU
		{3D033A64-31B3-4E4A-BC77-646DA9428C3E}.Debug|Any CPU.ActiveCfg = Debug|Any CPU
		{3D033A64-31B3-4E4A-BC77-646DA9428C3E}.Debug|Any CPU.Build.0 = Debug|Any CPU
		{3D033A64-31B3-4E4A-BC77-646DA9428C3E}.Release|Any CPU.ActiveCfg = Release|Any CPU
		{3D033A64-31B3-4E4A-BC77-646DA9428C3E}.Release|Any CPU.Build.0 = Release|Any CPU
		{B8DFD674-41BE-4100-B8FA-D5E484824B58}.Debug|Any CPU.ActiveCfg = Debug|Any CPU
		{B8DFD674-41BE-4100-B8FA-D5E484824B58}.Debug|Any CPU.Build.0 = Debug|Any CPU
		{B8DFD674-41BE-4100-B8FA-D5E484824B58}.Release|Any CPU.ActiveCfg = Release|Any CPU
		{B8DFD674-41BE-4100-B8FA-D5E484824B58}.Release|Any CPU.Build.0 = Release|Any CPU
		{DAB2D2E4-DD48-4509-B780-B78186DD4206}.Debug|Any CPU.ActiveCfg = Debug|Any CPU
		{DAB2D2E4-DD48-4509-B780-B78186DD4206}.Debug|Any CPU.Build.0 = Debug|Any CPU
		{DAB2D2E4-DD48-4509-B780-B78186DD4206}.Release|Any CPU.ActiveCfg = Release|Any CPU
		{DAB2D2E4-DD48-4509-B780-B78186DD4206}.Release|Any CPU.Build.0 = Release|Any CPU
		{7B26D3E4-C827-4975-9964-273A9C7064F0}.Debug|Any CPU.ActiveCfg = Debug|Any CPU
		{7B26D3E4-C827-4975-9964-273A9C7064F0}.Debug|Any CPU.Build.0 = Debug|Any CPU
		{7B26D3E4-C827-4975-9964-273A9C7064F0}.Release|Any CPU.ActiveCfg = Release|Any CPU
		{7B26D3E4-C827-4975-9964-273A9C7064F0}.Release|Any CPU.Build.0 = Release|Any CPU
		{AA6FAA9D-FB32-41E7-A335-44E79DF38087}.Debug|Any CPU.ActiveCfg = Debug|Any CPU
		{AA6FAA9D-FB32-41E7-A335-44E79DF38087}.Debug|Any CPU.Build.0 = Debug|Any CPU
		{AA6FAA9D-FB32-41E7-A335-44E79DF38087}.Release|Any CPU.ActiveCfg = Release|Any CPU
		{AA6FAA9D-FB32-41E7-A335-44E79DF38087}.Release|Any CPU.Build.0 = Release|Any CPU
		{37B5FBFB-36AF-4C03-BEBE-874246EF66B7}.Debug|Any CPU.ActiveCfg = Debug|Any CPU
		{37B5FBFB-36AF-4C03-BEBE-874246EF66B7}.Debug|Any CPU.Build.0 = Debug|Any CPU
		{37B5FBFB-36AF-4C03-BEBE-874246EF66B7}.Release|Any CPU.ActiveCfg = Release|Any CPU
		{37B5FBFB-36AF-4C03-BEBE-874246EF66B7}.Release|Any CPU.Build.0 = Release|Any CPU
		{29FF37FF-64F4-485B-B942-8F56BB7CED50}.Debug|Any CPU.ActiveCfg = Debug|Any CPU
		{29FF37FF-64F4-485B-B942-8F56BB7CED50}.Debug|Any CPU.Build.0 = Debug|Any CPU
		{29FF37FF-64F4-485B-B942-8F56BB7CED50}.Release|Any CPU.ActiveCfg = Release|Any CPU
		{29FF37FF-64F4-485B-B942-8F56BB7CED50}.Release|Any CPU.Build.0 = Release|Any CPU
	EndGlobalSection
	GlobalSection(SolutionProperties) = preSolution
		HideSolutionNode = FALSE
	EndGlobalSection
EndGlobal
